
Microsoft Visual Studio Solution File, Format Version 12.00
# Visual Studio Version 17
VisualStudioVersion = 17.1.32328.378
MinimumVisualStudioVersion = 10.0.40219.1
Project("{9A19103F-16F7-4668-BE54-9A1E7A4F7556}") = "XatSocolsClient", "XatSocols\XatSocolsClient.csproj", "{26973DDF-16BE-437E-9CB3-BB7D2BB8DFA5}"
EndProject
Project("{FAE04EC0-301F-11D3-BF4B-00C04F79EFBC}") = "XatSocolsServer", "XatSocolsServer\XatSocolsServer.csproj", "{860B6D0D-8B59-43BE-B7B5-0543887D1F4E}"
EndProject
Global
	GlobalSection(SolutionConfigurationPlatforms) = preSolution
		Debug|Any CPU = Debug|Any CPU
		Release|Any CPU = Release|Any CPU
	EndGlobalSection
	GlobalSection(ProjectConfigurationPlatforms) = postSolution
		{26973DDF-16BE-437E-9CB3-BB7D2BB8DFA5}.Debug|Any CPU.ActiveCfg = Debug|Any CPU
		{26973DDF-16BE-437E-9CB3-BB7D2BB8DFA5}.Debug|Any CPU.Build.0 = Debug|Any CPU
		{26973DDF-16BE-437E-9CB3-BB7D2BB8DFA5}.Release|Any CPU.ActiveCfg = Release|Any CPU
		{26973DDF-16BE-437E-9CB3-BB7D2BB8DFA5}.Release|Any CPU.Build.0 = Release|Any CPU
		{860B6D0D-8B59-43BE-B7B5-0543887D1F4E}.Debug|Any CPU.ActiveCfg = Debug|Any CPU
		{860B6D0D-8B59-43BE-B7B5-0543887D1F4E}.Debug|Any CPU.Build.0 = Debug|Any CPU
		{860B6D0D-8B59-43BE-B7B5-0543887D1F4E}.Release|Any CPU.ActiveCfg = Release|Any CPU
		{860B6D0D-8B59-43BE-B7B5-0543887D1F4E}.Release|Any CPU.Build.0 = Release|Any CPU
	EndGlobalSection
	GlobalSection(SolutionProperties) = preSolution
		HideSolutionNode = FALSE
	EndGlobalSection
	GlobalSection(ExtensibilityGlobals) = postSolution
		SolutionGuid = {2B005BE0-25EF-4FCD-BC06-8A11B58D16AB}
	EndGlobalSection
EndGlobal
